
Microsoft Visual Studio Solution File, Format Version 12.00
# Visual Studio Version 16
VisualStudioVersion = 16.0.31025.194
MinimumVisualStudioVersion = 10.0.40219.1
Project("{FAE04EC0-301F-11D3-BF4B-00C04F79EFBC}") = "racing-src", "racing-src.csproj", "{60CD5FF1-39C6-4820-BE00-F4CEEE8461CD}"
EndProject
Global
	GlobalSection(SolutionConfigurationPlatforms) = preSolution
		Debug|Any CPU = Debug|Any CPU
		Release|Any CPU = Release|Any CPU
	EndGlobalSection
	GlobalSection(ProjectConfigurationPlatforms) = postSolution
		{60CD5FF1-39C6-4820-BE00-F4CEEE8461CD}.Debug|Any CPU.ActiveCfg = Debug|Any CPU
		{60CD5FF1-39C6-4820-BE00-F4CEEE8461CD}.Debug|Any CPU.Build.0 = Debug|Any CPU
		{60CD5FF1-39C6-4820-BE00-F4CEEE8461CD}.Release|Any CPU.ActiveCfg = Release|Any CPU
		{60CD5FF1-39C6-4820-BE00-F4CEEE8461CD}.Release|Any CPU.Build.0 = Release|Any CPU
	EndGlobalSection
	GlobalSection(SolutionProperties) = preSolution
		HideSolutionNode = FALSE
	EndGlobalSection
	GlobalSection(ExtensibilityGlobals) = postSolution
		SolutionGuid = {4CAACB99-EEE8-484F-849E-B79EE10FBBC1}
	EndGlobalSection
EndGlobal
